
Microsoft Visual Studio Solution File, Format Version 12.00
# Visual Studio Version 16
VisualStudioVersion = 16.0.29519.87
MinimumVisualStudioVersion = 10.0.40219.1
Project("{FAE04EC0-301F-11D3-BF4B-00C04F79EFBC}") = "AzureApiManagementSamples", "AzureApiManagementSamples\AzureApiManagementSamples.csproj", "{0F211829-B0A0-4B6C-A327-D5BF223BE1C6}"
EndProject
Global
	GlobalSection(SolutionConfigurationPlatforms) = preSolution
		Debug|Any CPU = Debug|Any CPU
		Release|Any CPU = Release|Any CPU
	EndGlobalSection
	GlobalSection(ProjectConfigurationPlatforms) = postSolution
		{0F211829-B0A0-4B6C-A327-D5BF223BE1C6}.Debug|Any CPU.ActiveCfg = Debug|Any CPU
		{0F211829-B0A0-4B6C-A327-D5BF223BE1C6}.Debug|Any CPU.Build.0 = Debug|Any CPU
		{0F211829-B0A0-4B6C-A327-D5BF223BE1C6}.Release|Any CPU.ActiveCfg = Release|Any CPU
		{0F211829-B0A0-4B6C-A327-D5BF223BE1C6}.Release|Any CPU.Build.0 = Release|Any CPU
	EndGlobalSection
	GlobalSection(SolutionProperties) = preSolution
		HideSolutionNode = FALSE
	EndGlobalSection
	GlobalSection(ExtensibilityGlobals) = postSolution
		SolutionGuid = {8D9B18E8-EB20-4BFD-B536-2657A8204994}
	EndGlobalSection
EndGlobal
